{
  "version": "3",
  "redirects": {
    "https://deno.land/x/fastest_levenshtein/mod.ts": "https://deno.land/x/fastest_levenshtein@1.0.10/mod.ts"
  },
  "remote": {
    "https://deno.land/std@0.192.0/fmt/colors.ts": "d67e3cd9f472535241a8e410d33423980bec45047e343577554d3356e1f0ef4e",
    "https://deno.land/std@0.192.0/testing/_diff.ts": "1a3c044aedf77647d6cac86b798c6417603361b66b54c53331b312caeb447aea",
    "https://deno.land/std@0.192.0/testing/_format.ts": "a69126e8a469009adf4cf2a50af889aca364c349797e63174884a52ff75cf4c7",
    "https://deno.land/std@0.192.0/testing/asserts.ts": "e16d98b4d73ffc4ed498d717307a12500ae4f2cbe668f1a215632d19fcffc22f",
    "https://deno.land/x/fastest_levenshtein@1.0.10/mod.ts": "aea49d54b6bb37082b2377da2ea068331da07b2a515621d8eff97538b7157b40"
  }
}
