{
  "name": "deno",
  "lockfileVersion": 3,
  "requires": true,
  "packages": {
    "node_modules/.deno/asynckit@0.4.0/node_modules/asynckit": {
      "version": "0.4.0",
      "extraneous": true,
      "license": "MIT",
      "devDependencies": {
        "browserify": "^13.0.0",
        "browserify-istanbul": "^2.0.0",
        "coveralls": "^2.11.9",
        "eslint": "^2.9.0",
        "istanbul": "^0.4.3",
        "obake": "^0.1.2",
        "phantomjs-prebuilt": "^2.1.7",
        "pre-commit": "^1.1.3",
        "reamde": "^1.1.0",
        "rimraf": "^2.5.2",
        "size-table": "^0.2.0",
        "tap-spec": "^4.1.1",
        "tape": "^4.5.1"
      }
    },
    "node_modules/.deno/axios@0.26.1": {},
    "node_modules/.deno/combined-stream@1.0.8": {},
    "node_modules/.deno/delayed-stream@1.0.0/node_modules/delayed-stream": {
      "version": "1.0.0",
      "extraneous": true,
      "license": "MIT",
      "devDependencies": {
        "fake": "0.2.0",
        "far": "0.0.1"
      },
      "engines": {
        "node": ">=0.4.0"
      }
    },
    "node_modules/.deno/follow-redirects@1.15.2/node_modules/follow-redirects": {
      "version": "1.15.2",
      "extraneous": true,
      "funding": [
        {
          "type": "individual",
          "url": "https://github.com/sponsors/RubenVerborgh"
        }
      ],
      "license": "MIT",
      "devDependencies": {
        "concat-stream": "^2.0.0",
        "eslint": "^5.16.0",
        "express": "^4.16.4",
        "lolex": "^3.1.0",
        "mocha": "^6.0.2",
        "nyc": "^14.1.1"
      },
      "engines": {
        "node": ">=4.0"
      },
      "peerDependenciesMeta": {
        "debug": {
          "optional": true
        }
      }
    },
    "node_modules/.deno/form-data@4.0.0": {},
    "node_modules/.deno/mime-db@1.52.0/node_modules/mime-db": {
      "version": "1.52.0",
      "extraneous": true,
      "license": "MIT",
      "devDependencies": {
        "bluebird": "3.7.2",
        "co": "4.6.0",
        "cogent": "1.0.1",
        "csv-parse": "4.16.3",
        "eslint": "7.32.0",
        "eslint-config-standard": "15.0.1",
        "eslint-plugin-import": "2.25.4",
        "eslint-plugin-markdown": "2.2.1",
        "eslint-plugin-node": "11.1.0",
        "eslint-plugin-promise": "5.1.1",
        "eslint-plugin-standard": "4.1.0",
        "gnode": "0.1.2",
        "media-typer": "1.1.0",
        "mocha": "9.2.1",
        "nyc": "15.1.0",
        "raw-body": "2.5.0",
        "stream-to-array": "2.3.0"
      },
      "engines": {
        "node": ">= 0.6"
      }
    },
    "node_modules/.deno/mime-types@2.1.35": {},
    "node_modules/.deno/openai@3.3.0": {}
  }
}
